
Microsoft Visual Studio Solution File, Format Version 12.00
# Visual Studio Version 17
VisualStudioVersion = 17.14.36429.23 d17.14
MinimumVisualStudioVersion = 10.0.40219.1
Project("{FAE04EC0-301F-11D3-BF4B-00C04F79EFBC}") = "Da_thuc_noi_suy_Newton_moc_cach_deu", "Da_thuc_noi_suy_Newton_moc_cach_deu.csproj", "{595AFF66-9F36-4491-B103-0B742DBFDC4A}"
EndProject
Global
	GlobalSection(SolutionConfigurationPlatforms) = preSolution
		Debug|Any CPU = Debug|Any CPU
		Release|Any CPU = Release|Any CPU
	EndGlobalSection
	GlobalSection(ProjectConfigurationPlatforms) = postSolution
		{595AFF66-9F36-4491-B103-0B742DBFDC4A}.Debug|Any CPU.ActiveCfg = Debug|Any CPU
		{595AFF66-9F36-4491-B103-0B742DBFDC4A}.Debug|Any CPU.Build.0 = Debug|Any CPU
		{595AFF66-9F36-4491-B103-0B742DBFDC4A}.Release|Any CPU.ActiveCfg = Release|Any CPU
		{595AFF66-9F36-4491-B103-0B742DBFDC4A}.Release|Any CPU.Build.0 = Release|Any CPU
	EndGlobalSection
	GlobalSection(SolutionProperties) = preSolution
		HideSolutionNode = FALSE
	EndGlobalSection
	GlobalSection(ExtensibilityGlobals) = postSolution
		SolutionGuid = {0B546293-1622-4DB1-B8B2-3F96F7D0BCBC}
	EndGlobalSection
EndGlobal
